
Microsoft Visual Studio Solution File, Format Version 12.00
# Visual Studio Version 16
VisualStudioVersion = 16.0.31019.35
MinimumVisualStudioVersion = 10.0.40219.1
Project("{9A19103F-16F7-4668-BE54-9A1E7A4F7556}") = "Tip01", "Tip01\Tip01.csproj", "{EE4644C9-7C09-42B6-9073-8FC876D6BCBA}"
EndProject
Project("{9A19103F-16F7-4668-BE54-9A1E7A4F7556}") = "Tip02", "Tip02\Tip02.csproj", "{0C762B0C-1152-4A22-9F3C-F8F69A6A9F96}"
EndProject
Project("{9A19103F-16F7-4668-BE54-9A1E7A4F7556}") = "Tip03", "Tip03\Tip03.csproj", "{B5A78EF5-1536-4AEB-8BDB-04B81EED9ACE}"
EndProject
Project("{FAE04EC0-301F-11D3-BF4B-00C04F79EFBC}") = "Tip04", "Tip04\Tip04.csproj", "{C99DE604-C5F6-404C-AA71-31C3A62B78A6}"
EndProject
Global
	GlobalSection(SolutionConfigurationPlatforms) = preSolution
		Debug|Any CPU = Debug|Any CPU
		Release|Any CPU = Release|Any CPU
	EndGlobalSection
	GlobalSection(ProjectConfigurationPlatforms) = postSolution
		{EE4644C9-7C09-42B6-9073-8FC876D6BCBA}.Debug|Any CPU.ActiveCfg = Debug|Any CPU
		{EE4644C9-7C09-42B6-9073-8FC876D6BCBA}.Debug|Any CPU.Build.0 = Debug|Any CPU
		{EE4644C9-7C09-42B6-9073-8FC876D6BCBA}.Release|Any CPU.ActiveCfg = Release|Any CPU
		{EE4644C9-7C09-42B6-9073-8FC876D6BCBA}.Release|Any CPU.Build.0 = Release|Any CPU
		{0C762B0C-1152-4A22-9F3C-F8F69A6A9F96}.Debug|Any CPU.ActiveCfg = Debug|Any CPU
		{0C762B0C-1152-4A22-9F3C-F8F69A6A9F96}.Debug|Any CPU.Build.0 = Debug|Any CPU
		{0C762B0C-1152-4A22-9F3C-F8F69A6A9F96}.Release|Any CPU.ActiveCfg = Release|Any CPU
		{0C762B0C-1152-4A22-9F3C-F8F69A6A9F96}.Release|Any CPU.Build.0 = Release|Any CPU
		{B5A78EF5-1536-4AEB-8BDB-04B81EED9ACE}.Debug|Any CPU.ActiveCfg = Debug|Any CPU
		{B5A78EF5-1536-4AEB-8BDB-04B81EED9ACE}.Debug|Any CPU.Build.0 = Debug|Any CPU
		{B5A78EF5-1536-4AEB-8BDB-04B81EED9ACE}.Release|Any CPU.ActiveCfg = Release|Any CPU
		{B5A78EF5-1536-4AEB-8BDB-04B81EED9ACE}.Release|Any CPU.Build.0 = Release|Any CPU
		{C99DE604-C5F6-404C-AA71-31C3A62B78A6}.Debug|Any CPU.ActiveCfg = Debug|Any CPU
		{C99DE604-C5F6-404C-AA71-31C3A62B78A6}.Debug|Any CPU.Build.0 = Debug|Any CPU
		{C99DE604-C5F6-404C-AA71-31C3A62B78A6}.Release|Any CPU.ActiveCfg = Release|Any CPU
		{C99DE604-C5F6-404C-AA71-31C3A62B78A6}.Release|Any CPU.Build.0 = Release|Any CPU
	EndGlobalSection
	GlobalSection(SolutionProperties) = preSolution
		HideSolutionNode = FALSE
	EndGlobalSection
	GlobalSection(ExtensibilityGlobals) = postSolution
		SolutionGuid = {3B709607-7D34-44DA-82D8-6C74BCFE786F}
	EndGlobalSection
EndGlobal
